
Microsoft Visual Studio Solution File, Format Version 11.00
# Visual Studio 2010
Project("{FAE04EC0-301F-11D3-BF4B-00C04F79EFBC}") = "Dojo", "Dojo\Dojo.csproj", "{5C774C8B-8257-4D1F-8D83-07639C5627FE}"
EndProject
Project("{FAE04EC0-301F-11D3-BF4B-00C04F79EFBC}") = "DojoCommon", "DojoCommon\DojoCommon.csproj", "{6108CF2A-A71B-4234-A94F-4A52762FDC3D}"
EndProject
Project("{FAE04EC0-301F-11D3-BF4B-00C04F79EFBC}") = "DojoClient", "DojoClient\DojoClient.csproj", "{9EE73632-6DDC-40BD-ACBA-A5FE187164F3}"
EndProject
Global
	GlobalSection(SolutionConfigurationPlatforms) = preSolution
		Debug|Any CPU = Debug|Any CPU
		Release|Any CPU = Release|Any CPU
	EndGlobalSection
	GlobalSection(ProjectConfigurationPlatforms) = postSolution
		{5C774C8B-8257-4D1F-8D83-07639C5627FE}.Debug|Any CPU.ActiveCfg = Debug|Any CPU
		{5C774C8B-8257-4D1F-8D83-07639C5627FE}.Debug|Any CPU.Build.0 = Debug|Any CPU
		{5C774C8B-8257-4D1F-8D83-07639C5627FE}.Release|Any CPU.ActiveCfg = Release|Any CPU
		{5C774C8B-8257-4D1F-8D83-07639C5627FE}.Release|Any CPU.Build.0 = Release|Any CPU
		{6108CF2A-A71B-4234-A94F-4A52762FDC3D}.Debug|Any CPU.ActiveCfg = Debug|Any CPU
		{6108CF2A-A71B-4234-A94F-4A52762FDC3D}.Debug|Any CPU.Build.0 = Debug|Any CPU
		{6108CF2A-A71B-4234-A94F-4A52762FDC3D}.Release|Any CPU.ActiveCfg = Release|Any CPU
		{6108CF2A-A71B-4234-A94F-4A52762FDC3D}.Release|Any CPU.Build.0 = Release|Any CPU
		{9EE73632-6DDC-40BD-ACBA-A5FE187164F3}.Debug|Any CPU.ActiveCfg = Debug|Any CPU
		{9EE73632-6DDC-40BD-ACBA-A5FE187164F3}.Debug|Any CPU.Build.0 = Debug|Any CPU
		{9EE73632-6DDC-40BD-ACBA-A5FE187164F3}.Release|Any CPU.ActiveCfg = Release|Any CPU
		{9EE73632-6DDC-40BD-ACBA-A5FE187164F3}.Release|Any CPU.Build.0 = Release|Any CPU
	EndGlobalSection
	GlobalSection(SolutionProperties) = preSolution
		HideSolutionNode = FALSE
	EndGlobalSection
EndGlobal
